
Microsoft Visual Studio Solution File, Format Version 12.00
# Visual Studio Version 17
VisualStudioVersion = 17.7.34202.233
MinimumVisualStudioVersion = 10.0.40219.1
Project("{FAE04EC0-301F-11D3-BF4B-00C04F79EFBC}") = "KonsolUygulamasi", "KonsolUygulamasi\KonsolUygulamasi.csproj", "{9B3D3C28-10EA-4B5E-ACC5-A469A8103CB7}"
EndProject
Global
	GlobalSection(SolutionConfigurationPlatforms) = preSolution
		Debug|Any CPU = Debug|Any CPU
		Release|Any CPU = Release|Any CPU
	EndGlobalSection
	GlobalSection(ProjectConfigurationPlatforms) = postSolution
		{9B3D3C28-10EA-4B5E-ACC5-A469A8103CB7}.Debug|Any CPU.ActiveCfg = Debug|Any CPU
		{9B3D3C28-10EA-4B5E-ACC5-A469A8103CB7}.Debug|Any CPU.Build.0 = Debug|Any CPU
		{9B3D3C28-10EA-4B5E-ACC5-A469A8103CB7}.Release|Any CPU.ActiveCfg = Release|Any CPU
		{9B3D3C28-10EA-4B5E-ACC5-A469A8103CB7}.Release|Any CPU.Build.0 = Release|Any CPU
	EndGlobalSection
	GlobalSection(SolutionProperties) = preSolution
		HideSolutionNode = FALSE
	EndGlobalSection
	GlobalSection(ExtensibilityGlobals) = postSolution
		SolutionGuid = {F98E3842-AD87-45C3-BC5E-B0740B69D313}
	EndGlobalSection
EndGlobal
